// !$*UTF8*$!
{
	archiveVersion = 1;
	classes = {
	};
	objectVersion = 55;
	objects = {

/* Begin PBXBuildFile section */
		928C5A4D27A47A6E0034A919 /* AppDelegate.swift in Sources */ = {isa = PBXBuildFile; fileRef = 928C5A4C27A47A6E0034A919 /* AppDelegate.swift */; };
		928C5A4F27A47A6E0034A919 /* SceneDelegate.swift in Sources */ = {isa = PBXBuildFile; fileRef = 928C5A4E27A47A6E0034A919 /* SceneDelegate.swift */; };
		928C5A5427A47A6E0034A919 /* Main.storyboard in Resources */ = {isa = PBXBuildFile; fileRef = 928C5A5227A47A6E0034A919 /* Main.storyboard */; };
		928C5A5627A47A700034A919 /* Assets.xcassets in Resources */ = {isa = PBXBuildFile; fileRef = 928C5A5527A47A700034A919 /* Assets.xcassets */; };
		928C5A5927A47A700034A919 /* LaunchScreen.storyboard in Resources */ = {isa = PBXBuildFile; fileRef = 928C5A5727A47A700034A919 /* LaunchScreen.storyboard */; };
		928C5A6427A47A700034A919 /* FlixTests.swift in Sources */ = {isa = PBXBuildFile; fileRef = 928C5A6327A47A700034A919 /* FlixTests.swift */; };
		928C5A6E27A47A710034A919 /* FlixUITests.swift in Sources */ = {isa = PBXBuildFile; fileRef = 928C5A6D27A47A710034A919 /* FlixUITests.swift */; };
		928C5A7027A47A710034A919 /* FlixUITestsLaunchTests.swift in Sources */ = {isa = PBXBuildFile; fileRef = 928C5A6F27A47A710034A919 /* FlixUITestsLaunchTests.swift */; };
		928C5A7D27A4A1AB0034A919 /* MoviesViewController.swift in Sources */ = {isa = PBXBuildFile; fileRef = 928C5A7C27A4A1AB0034A919 /* MoviesViewController.swift */; };
		928C5A7F27A4ABF40034A919 /* MovieCell.swift in Sources */ = {isa = PBXBuildFile; fileRef = 928C5A7E27A4ABF40034A919 /* MovieCell.swift */; };
		928C5A8227A4FA950034A919 /* AlamofireImage in Frameworks */ = {isa = PBXBuildFile; productRef = 928C5A8127A4FA950034A919 /* AlamofireImage */; };
		92D95EC827AB8AF40083ADFA /* MoviesDetailsViewController.swift in Sources */ = {isa = PBXBuildFile; fileRef = 92D95EC727AB8AF40083ADFA /* MoviesDetailsViewController.swift */; };
		92D95ECA27ABA49E0083ADFA /* MoviesGridViewController.swift in Sources */ = {isa = PBXBuildFile; fileRef = 92D95EC927ABA49E0083ADFA /* MoviesGridViewController.swift */; };
		92D95ECC27ABAAB20083ADFA /* MovieGridCell.swift in Sources */ = {isa = PBXBuildFile; fileRef = 92D95ECB27ABAAB20083ADFA /* MovieGridCell.swift */; };
		92D95ECE27ABB5AF0083ADFA /* CollectionMoviesDetailsViewController.swift in Sources */ = {isa = PBXBuildFile; fileRef = 92D95ECD27ABB5AF0083ADFA /* CollectionMoviesDetailsViewController.swift */; };
/* End PBXBuildFile section */

/* Begin PBXContainerItemProxy section */
		928C5A6027A47A700034A919 /* PBXContainerItemProxy */ = {
			isa = PBXContainerItemProxy;
			containerPortal = 928C5A4127A47A6E0034A919 /* Project object */;
			proxyType = 1;
			remoteGlobalIDString = 928C5A4827A47A6E0034A919;
			remoteInfo = Flix;
		};
		928C5A6A27A47A710034A919 /* PBXContainerItemProxy */ = {
			isa = PBXContainerItemProxy;
			containerPortal = 928C5A4127A47A6E0034A919 /* Project object */;
			proxyType = 1;
			remoteGlobalIDString = 928C5A4827A47A6E0034A919;
			remoteInfo = Flix;
		};
/* End PBXContainerItemProxy section */

/* Begin PBXFileReference section */
		928C5A4927A47A6E0034A919 /* Flix.app */ = {isa = PBXFileReference; explicitFileType = wrapper.application; includeInIndex = 0; path = Flix.app; sourceTree = BUILT_PRODUCTS_DIR; };
		928C5A4C27A47A6E0034A919 /* AppDelegate.swift */ = {isa = PBXFileReference; lastKnownFileType = sourcecode.swift; path = AppDelegate.swift; sourceTree = "<group>"; };
		928C5A4E27A47A6E0034A919 /* SceneDelegate.swift */ = {isa = PBXFileReference; lastKnownFileType = sourcecode.swift; path = SceneDelegate.swift; sourceTree = "<group>"; };
		928C5A5327A47A6E0034A919 /* Base */ = {isa = PBXFileReference; lastKnownFileType = file.storyboard; name = Base; path = Base.lproj/Main.storyboard; sourceTree = "<group>"; };
		928C5A5527A47A700034A919 /* Assets.xcassets */ = {isa = PBXFileReference; lastKnownFileType = folder.assetcatalog; path = Assets.xcassets; sourceTree = "<group>"; };
		928C5A5827A47A700034A919 /* Base */ = {isa = PBXFileReference; lastKnownFileType = file.storyboard; name = Base; path = Base.lproj/LaunchScreen.storyboard; sourceTree = "<group>"; };
		928C5A5A27A47A700034A919 /* Info.plist */ = {isa = PBXFileReference; lastKnownFileType = text.plist.xml; path = Info.plist; sourceTree = "<group>"; };
		928C5A5F27A47A700034A919 /* FlixTests.xctest */ = {isa = PBXFileReference; explicitFileType = wrapper.cfbundle; includeInIndex = 0; path = FlixTests.xctest; sourceTree = BUILT_PRODUCTS_DIR; };
		928C5A6327A47A700034A919 /* FlixTests.swift */ = {isa = PBXFileReference; lastKnownFileType = sourcecode.swift; path = FlixTests.swift; sourceTree = "<group>"; };
		928C5A6927A47A710034A919 /* FlixUITests.xctest */ = {isa = PBXFileReference; explicitFileType = wrapper.cfbundle; includeInIndex = 0; path = FlixUITests.xctest; sourceTree = BUILT_PRODUCTS_DIR; };
		928C5A6D27A47A710034A919 /* FlixUITests.swift */ = {isa = PBXFileReference; lastKnownFileType = sourcecode.swift; path = FlixUITests.swift; sourceTree = "<group>"; };
		928C5A6F27A47A710034A919 /* FlixUITestsLaunchTests.swift */ = {isa = PBXFileReference; lastKnownFileType = sourcecode.swift; path = FlixUITestsLaunchTests.swift; sourceTree = "<group>"; };
		928C5A7C27A4A1AB0034A919 /* MoviesViewController.swift */ = {isa = PBXFileReference; lastKnownFileType = sourcecode.swift; path = MoviesViewController.swift; sourceTree = "<group>"; };
		928C5A7E27A4ABF40034A919 /* MovieCell.swift */ = {isa = PBXFileReference; lastKnownFileType = sourcecode.swift; path = MovieCell.swift; sourceTree = "<group>"; };
		92D95EC727AB8AF40083ADFA /* MoviesDetailsViewController.swift */ = {isa = PBXFileReference; lastKnownFileType = sourcecode.swift; path = MoviesDetailsViewController.swift; sourceTree = "<group>"; };
		92D95EC927ABA49E0083ADFA /* MoviesGridViewController.swift */ = {isa = PBXFileReference; lastKnownFileType = sourcecode.swift; path = MoviesGridViewController.swift; sourceTree = "<group>"; };
		92D95ECB27ABAAB20083ADFA /* MovieGridCell.swift */ = {isa = PBXFileReference; lastKnownFileType = sourcecode.swift; path = MovieGridCell.swift; sourceTree = "<group>"; };
		92D95ECD27ABB5AF0083ADFA /* CollectionMoviesDetailsViewController.swift */ = {isa = PBXFileReference; lastKnownFileType = sourcecode.swift; path = CollectionMoviesDetailsViewController.swift; sourceTree = "<group>"; };
/* End PBXFileReference section */

/* Begin PBXFrameworksBuildPhase section */
		928C5A4627A47A6E0034A919 /* Frameworks */ = {
			isa = PBXFrameworksBuildPhase;
			buildActionMask = 2147483647;
			files = (
				928C5A8227A4FA950034A919 /* AlamofireImage in Frameworks */,
			);
			runOnlyForDeploymentPostprocessing = 0;
		};
		928C5A5C27A47A700034A919 /* Frameworks */ = {
			isa = PBXFrameworksBuildPhase;
			buildActionMask = 2147483647;
			files = (
			);
			runOnlyForDeploymentPostprocessing = 0;
		};
		928C5A6627A47A710034A919 /* Frameworks */ = {
			isa = PBXFrameworksBuildPhase;
			buildActionMask = 2147483647;
			files = (
			);
			runOnlyForDeploymentPostprocessing = 0;
		};
/* End PBXFrameworksBuildPhase section */

/* Begin PBXGroup section */
		928C5A4027A47A6E0034A919 = {
			isa = PBXGroup;
			children = (
				928C5A4B27A47A6E0034A919 /* Flix */,
				928C5A6227A47A700034A919 /* FlixTests */,
				928C5A6C27A47A710034A919 /* FlixUITests */,
				928C5A4A27A47A6E0034A919 /* Products */,
			);
			sourceTree = "<group>";
		};
		928C5A4A27A47A6E0034A919 /* Products */ = {
			isa = PBXGroup;
			children = (
				928C5A4927A47A6E0034A919 /* Flix.app */,
				928C5A5F27A47A700034A919 /* FlixTests.xctest */,
				928C5A6927A47A710034A919 /* FlixUITests.xctest */,
			);
			name = Products;
			sourceTree = "<group>";
		};
		928C5A4B27A47A6E0034A919 /* Flix */ = {
			isa = PBXGroup;
			children = (
				928C5A4C27A47A6E0034A919 /* AppDelegate.swift */,
				928C5A4E27A47A6E0034A919 /* SceneDelegate.swift */,
				928C5A7E27A4ABF40034A919 /* MovieCell.swift */,
				928C5A7C27A4A1AB0034A919 /* MoviesViewController.swift */,
				92D95EC727AB8AF40083ADFA /* MoviesDetailsViewController.swift */,
				928C5A5227A47A6E0034A919 /* Main.storyboard */,
				928C5A5527A47A700034A919 /* Assets.xcassets */,
				928C5A5727A47A700034A919 /* LaunchScreen.storyboard */,
				928C5A5A27A47A700034A919 /* Info.plist */,
				92D95EC927ABA49E0083ADFA /* MoviesGridViewController.swift */,
				92D95ECB27ABAAB20083ADFA /* MovieGridCell.swift */,
				92D95ECD27ABB5AF0083ADFA /* CollectionMoviesDetailsViewController.swift */,
			);
			path = Flix;
			sourceTree = "<group>";
		};
		928C5A6227A47A700034A919 /* FlixTests */ = {
			isa = PBXGroup;
			children = (
				928C5A6327A47A700034A919 /* FlixTests.swift */,
			);
			path = FlixTests;
			sourceTree = "<group>";
		};
		928C5A6C27A47A710034A919 /* FlixUITests */ = {
			isa = PBXGroup;
			children = (
				928C5A6D27A47A710034A919 /* FlixUITests.swift */,
				928C5A6F27A47A710034A919 /* FlixUITestsLaunchTests.swift */,
			);
			path = FlixUITests;
			sourceTree = "<group>";
		};
/* End PBXGroup section */

/* Begin PBXNativeTarget section */
		928C5A4827A47A6E0034A919 /* Flix */ = {
			isa = PBXNativeTarget;
			buildConfigurationList = 928C5A7327A47A710034A919 /* Build configuration list for PBXNativeTarget "Flix" */;
			buildPhases = (
				928C5A4527A47A6E0034A919 /* Sources */,
				928C5A4627A47A6E0034A919 /* Frameworks */,
				928C5A4727A47A6E0034A919 /* Resources */,
			);
			buildRules = (
			);
			dependencies = (
			);
			name = Flix;
			packageProductDependencies = (
				928C5A8127A4FA950034A919 /* AlamofireImage */,
			);
			productName = Flix;
			productReference = 928C5A4927A47A6E0034A919 /* Flix.app */;
			productType = "com.apple.product-type.application";
		};
		928C5A5E27A47A700034A919 /* FlixTests */ = {
			isa = PBXNativeTarget;
			buildConfigurationList = 928C5A7627A47A710034A919 /* Build configuration list for PBXNativeTarget "FlixTests" */;
			buildPhases = (
				928C5A5B27A47A700034A919 /* Sources */,
				928C5A5C27A47A700034A919 /* Frameworks */,
				928C5A5D27A47A700034A919 /* Resources */,
			);
			buildRules = (
			);
			dependencies = (
				928C5A6127A47A700034A919 /* PBXTargetDependency */,
			);
			name = FlixTests;
			productName = FlixTests;
			productReference = 928C5A5F27A47A700034A919 /* FlixTests.xctest */;
			productType = "com.apple.product-type.bundle.unit-test";
		};
		928C5A6827A47A710034A919 /* FlixUITests */ = {
			isa = PBXNativeTarget;
			buildConfigurationList = 928C5A7927A47A710034A919 /* Build configuration list for PBXNativeTarget "FlixUITests" */;
			buildPhases = (
				928C5A6527A47A710034A919 /* Sources */,
				928C5A6627A47A710034A919 /* Frameworks */,
				928C5A6727A47A710034A919 /* Resources */,
			);
			buildRules = (
			);
			dependencies = (
				928C5A6B27A47A710034A919 /* PBXTargetDependency */,
			);
			name = FlixUITests;
			productName = FlixUITests;
			productReference = 928C5A6927A47A710034A919 /* FlixUITests.xctest */;
			productType = "com.apple.product-type.bundle.ui-testing";
		};
/* End PBXNativeTarget section */

/* Begin PBXProject section */
		928C5A4127A47A6E0034A919 /* Project object */ = {
			isa = PBXProject;
			attributes = {
				BuildIndependentTargetsInParallel = 1;
				LastSwiftUpdateCheck = 1320;
				LastUpgradeCheck = 1320;
				TargetAttributes = {
					928C5A4827A47A6E0034A919 = {
						CreatedOnToolsVersion = 13.2.1;
					};
					928C5A5E27A47A700034A919 = {
						CreatedOnToolsVersion = 13.2.1;
						TestTargetID = 928C5A4827A47A6E0034A919;
					};
					928C5A6827A47A710034A919 = {
						CreatedOnToolsVersion = 13.2.1;
						TestTargetID = 928C5A4827A47A6E0034A919;
					};
				};
			};
			buildConfigurationList = 928C5A4427A47A6E0034A919 /* Build configuration list for PBXProject "Flix" */;
			compatibilityVersion = "Xcode 13.0";
			developmentRegion = en;
			hasScannedForEncodings = 0;
			knownRegions = (
				en,
				Base,
			);
			mainGroup = 928C5A4027A47A6E0034A919;
			packageReferences = (
				928C5A8027A4FA950034A919 /* XCRemoteSwiftPackageReference "AlamofireImage" */,
			);
			productRefGroup = 928C5A4A27A47A6E0034A919 /* Products */;
			projectDirPath = "";
			projectRoot = "";
			targets = (
				928C5A4827A47A6E0034A919 /* Flix */,
				928C5A5E27A47A700034A919 /* FlixTests */,
				928C5A6827A47A710034A919 /* FlixUITests */,
			);
		};
/* End PBXProject section */

/* Begin PBXResourcesBuildPhase section */
		928C5A4727A47A6E0034A919 /* Resources */ = {
			isa = PBXResourcesBuildPhase;
			buildActionMask = 2147483647;
			files = (
				928C5A5927A47A700034A919 /* LaunchScreen.storyboard in Resources */,
				928C5A5627A47A700034A919 /* Assets.xcassets in Resources */,
				928C5A5427A47A6E0034A919 /* Main.storyboard in Resources */,
			);
			runOnlyForDeploymentPostprocessing = 0;
		};
		928C5A5D27A47A700034A919 /* Resources */ = {
			isa = PBXResourcesBuildPhase;
			buildActionMask = 2147483647;
			files = (
			);
			runOnlyForDeploymentPostprocessing = 0;
		};
		928C5A6727A47A710034A919 /* Resources */ = {
			isa = PBXResourcesBuildPhase;
			buildActionMask = 2147483647;
			files = (
			);
			runOnlyForDeploymentPostprocessing = 0;
		};
/* End PBXResourcesBuildPhase section */

/* Begin PBXSourcesBuildPhase section */
		928C5A4527A47A6E0034A919 /* Sources */ = {
			isa = PBXSourcesBuildPhase;
			buildActionMask = 2147483647;
			files = (
				928C5A4D27A47A6E0034A919 /* AppDelegate.swift in Sources */,
				928C5A4F27A47A6E0034A919 /* SceneDelegate.swift in Sources */,
				92D95ECE27ABB5AF0083ADFA /* CollectionMoviesDetailsViewController.swift in Sources */,
				928C5A7F27A4ABF40034A919 /* MovieCell.swift in Sources */,
				92D95EC827AB8AF40083ADFA /* MoviesDetailsViewController.swift in Sources */,
				928C5A7D27A4A1AB0034A919 /* MoviesViewController.swift in Sources */,
				92D95ECA27ABA49E0083ADFA /* MoviesGridViewController.swift in Sources */,
				92D95ECC27ABAAB20083ADFA /* MovieGridCell.swift in Sources */,
			);
			runOnlyForDeploymentPostprocessing = 0;
		};
		928C5A5B27A47A700034A919 /* Sources */ = {
			isa = PBXSourcesBuildPhase;
			buildActionMask = 2147483647;
			files = (
				928C5A6427A47A700034A919 /* FlixTests.swift in Sources */,
			);
			runOnlyForDeploymentPostprocessing = 0;
		};
		928C5A6527A47A710034A919 /* Sources */ = {
			isa = PBXSourcesBuildPhase;
			buildActionMask = 2147483647;
			files = (
				928C5A6E27A47A710034A919 /* FlixUITests.swift in Sources */,
				928C5A7027A47A710034A919 /* FlixUITestsLaunchTests.swift in Sources */,
			);
			runOnlyForDeploymentPostprocessing = 0;
		};
/* End PBXSourcesBuildPhase section */

/* Begin PBXTargetDependency section */
		928C5A6127A47A700034A919 /* PBXTargetDependency */ = {
			isa = PBXTargetDependency;
			target = 928C5A4827A47A6E0034A919 /* Flix */;
			targetProxy = 928C5A6027A47A700034A919 /* PBXContainerItemProxy */;
		};
		928C5A6B27A47A710034A919 /* PBXTargetDependency */ = {
			isa = PBXTargetDependency;
			target = 928C5A4827A47A6E0034A919 /* Flix */;
			targetProxy = 928C5A6A27A47A710034A919 /* PBXContainerItemProxy */;
		};
/* End PBXTargetDependency section */

/* Begin PBXVariantGroup section */
		928C5A5227A47A6E0034A919 /* Main.storyboard */ = {
			isa = PBXVariantGroup;
			children = (
				928C5A5327A47A6E0034A919 /* Base */,
			);
			name = Main.storyboard;
			sourceTree = "<group>";
		};
		928C5A5727A47A700034A919 /* LaunchScreen.storyboard */ = {
			isa = PBXVariantGroup;
			children = (
				928C5A5827A47A700034A919 /* Base */,
			);
			name = LaunchScreen.storyboard;
			sourceTree = "<group>";
		};
/* End PBXVariantGroup section */

/* Begin XCBuildConfiguration section */
		928C5A7127A47A710034A919 /* Debug */ = {
			isa = XCBuildConfiguration;
			buildSettings = {
				ALWAYS_SEARCH_USER_PATHS = NO;
				CLANG_ANALYZER_NONNULL = YES;
				CLANG_ANALYZER_NUMBER_OBJECT_CONVERSION = YES_AGGRESSIVE;
				CLANG_CXX_LANGUAGE_STANDARD = "gnu++17";
				CLANG_CXX_LIBRARY = "libc++";
				CLANG_ENABLE_MODULES = YES;
				CLANG_ENABLE_OBJC_ARC = YES;
				CLANG_ENABLE_OBJC_WEAK = YES;
				CLANG_WARN_BLOCK_CAPTURE_AUTORELEASING = YES;
				CLANG_WARN_BOOL_CONVERSION = YES;
				CLANG_WARN_COMMA = YES;
				CLANG_WARN_CONSTANT_CONVERSION = YES;
				CLANG_WARN_DEPRECATED_OBJC_IMPLEMENTATIONS = YES;
				CLANG_WARN_DIRECT_OBJC_ISA_USAGE = YES_ERROR;
				CLANG_WARN_DOCUMENTATION_COMMENTS = YES;
				CLANG_WARN_EMPTY_BODY = YES;
				CLANG_WARN_ENUM_CONVERSION = YES;
				CLANG_WARN_INFINITE_RECURSION = YES;
				CLANG_WARN_INT_CONVERSION = YES;
				CLANG_WARN_NON_LITERAL_NULL_CONVERSION = YES;
				CLANG_WARN_OBJC_IMPLICIT_RETAIN_SELF = YES;
				CLANG_WARN_OBJC_LITERAL_CONVERSION = YES;
				CLANG_WARN_OBJC_ROOT_CLASS = YES_ERROR;
				CLANG_WARN_QUOTED_INCLUDE_IN_FRAMEWORK_HEADER = YES;
				CLANG_WARN_RANGE_LOOP_ANALYSIS = YES;
				CLANG_WARN_STRICT_PROTOTYPES = YES;
				CLANG_WARN_SUSPICIOUS_MOVE = YES;
				CLANG_WARN_UNGUARDED_AVAILABILITY = YES_AGGRESSIVE;
				CLANG_WARN_UNREACHABLE_CODE = YES;
				CLANG_WARN__DUPLICATE_METHOD_MATCH = YES;
				COPY_PHASE_STRIP = NO;
				DEBUG_INFORMATION_FORMAT = dwarf;
				ENABLE_STRICT_OBJC_MSGSEND = YES;
				ENABLE_TESTABILITY = YES;
				GCC_C_LANGUAGE_STANDARD = gnu11;
				GCC_DYNAMIC_NO_PIC = NO;
				GCC_NO_COMMON_BLOCKS = YES;
				GCC_OPTIMIZATION_LEVEL = 0;
				GCC_PREPROCESSOR_DEFINITIONS = (
					"DEBUG=1",
					"$(inherited)",
				);
				GCC_WARN_64_TO_32_BIT_CONVERSION = YES;
				GCC_WARN_ABOUT_RETURN_TYPE = YES_ERROR;
				GCC_WARN_UNDECLARED_SELECTOR = YES;
				GCC_WARN_UNINITIALIZED_AUTOS = YES_AGGRESSIVE;
				GCC_WARN_UNUSED_FUNCTION = YES;
				GCC_WARN_UNUSED_VARIABLE = YES;
				IPHONEOS_DEPLOYMENT_TARGET = 15.2;
				MTL_ENABLE_DEBUG_INFO = INCLUDE_SOURCE;
				MTL_FAST_MATH = YES;
				ONLY_ACTIVE_ARCH = YES;
				SDKROOT = iphoneos;
				SWIFT_ACTIVE_COMPILATION_CONDITIONS = DEBUG;
				SWIFT_OPTIMIZATION_LEVEL = "-Onone";
			};
			name = Debug;
		};
		928C5A7227A47A710034A919 /* Release */ = {
			isa = XCBuildConfiguration;
			buildSettings = {
				ALWAYS_SEARCH_USER_PATHS = NO;
				CLANG_ANALYZER_NONNULL = YES;
				CLANG_ANALYZER_NUMBER_OBJECT_CONVERSION = YES_AGGRESSIVE;
				CLANG_CXX_LANGUAGE_STANDARD = "gnu++17";
				CLANG_CXX_LIBRARY = "libc++";
				CLANG_ENABLE_MODULES = YES;
				CLANG_ENABLE_OBJC_ARC = YES;
				CLANG_ENABLE_OBJC_WEAK = YES;
				CLANG_WARN_BLOCK_CAPTURE_AUTORELEASING = YES;
				CLANG_WARN_BOOL_CONVERSION = YES;
				CLANG_WARN_COMMA = YES;
				CLANG_WARN_CONSTANT_CONVERSION = YES;
				CLANG_WARN_DEPRECATED_OBJC_IMPLEMENTATIONS = YES;
				CLANG_WARN_DIRECT_OBJC_ISA_USAGE = YES_ERROR;
				CLANG_WARN_DOCUMENTATION_COMMENTS = YES;
				CLANG_WARN_EMPTY_BODY = YES;
				CLANG_WARN_ENUM_CONVERSION = YES;
				CLANG_WARN_INFINITE_RECURSION = YES;
				CLANG_WARN_INT_CONVERSION = YES;
				CLANG_WARN_NON_LITERAL_NULL_CONVERSION = YES;
				CLANG_WARN_OBJC_IMPLICIT_RETAIN_SELF = YES;
				CLANG_WARN_OBJC_LITERAL_CONVERSION = YES;
				CLANG_WARN_OBJC_ROOT_CLASS = YES_ERROR;
				CLANG_WARN_QUOTED_INCLUDE_IN_FRAMEWORK_HEADER = YES;
				CLANG_WARN_RANGE_LOOP_ANALYSIS = YES;
				CLANG_WARN_STRICT_PROTOTYPES = YES;
				CLANG_WARN_SUSPICIOUS_MOVE = YES;
				CLANG_WARN_UNGUARDED_AVAILABILITY = YES_AGGRESSIVE;
				CLANG_WARN_UNREACHABLE_CODE = YES;
				CLANG_WARN__DUPLICATE_METHOD_MATCH = YES;
				COPY_PHASE_STRIP = NO;
				DEBUG_INFORMATION_FORMAT = "dwarf-with-dsym";
				ENABLE_NS_ASSERTIONS = NO;
				ENABLE_STRICT_OBJC_MSGSEND = YES;
				GCC_C_LANGUAGE_STANDARD = gnu11;
				GCC_NO_COMMON_BLOCKS = YES;
				GCC_WARN_64_TO_32_BIT_CONVERSION = YES;
				GCC_WARN_ABOUT_RETURN_TYPE = YES_ERROR;
				GCC_WARN_UNDECLARED_SELECTOR = YES;
				GCC_WARN_UNINITIALIZED_AUTOS = YES_AGGRESSIVE;
				GCC_WARN_UNUSED_FUNCTION = YES;
				GCC_WARN_UNUSED_VARIABLE = YES;
				IPHONEOS_DEPLOYMENT_TARGET = 15.2;
				MTL_ENABLE_DEBUG_INFO = NO;
				MTL_FAST_MATH = YES;
				SDKROOT = iphoneos;
				SWIFT_COMPILATION_MODE = wholemodule;
				SWIFT_OPTIMIZATION_LEVEL = "-O";
				VALIDATE_PRODUCT = YES;
			};
			name = Release;
		};
		928C5A7427A47A710034A919 /* Debug */ = {
			isa = XCBuildConfiguration;
			buildSettings = {
				ASSETCATALOG_COMPILER_APPICON_NAME = AppIcon;
				ASSETCATALOG_COMPILER_GLOBAL_ACCENT_COLOR_NAME = AccentColor;
				CODE_SIGN_STYLE = Automatic;
				CURRENT_PROJECT_VERSION = 1;
				DEVELOPMENT_TEAM = X3Y28ZY2MG;
				GENERATE_INFOPLIST_FILE = YES;
				INFOPLIST_FILE = Flix/Info.plist;
				INFOPLIST_KEY_UIApplicationSupportsIndirectInputEvents = YES;
				INFOPLIST_KEY_UILaunchStoryboardName = LaunchScreen;
				INFOPLIST_KEY_UIMainStoryboardFile = Main;
				INFOPLIST_KEY_UISupportedInterfaceOrientations_iPad = "UIInterfaceOrientationPortrait UIInterfaceOrientationPortraitUpsideDown UIInterfaceOrientationLandscapeLeft UIInterfaceOrientationLandscapeRight";
				INFOPLIST_KEY_UISupportedInterfaceOrientations_iPhone = "UIInterfaceOrientationPortrait UIInterfaceOrientationLandscapeLeft UIInterfaceOrientationLandscapeRight";
				LD_RUNPATH_SEARCH_PATHS = (
					"$(inherited)",
					"@executable_path/Frameworks",
				);
				MARKETING_VERSION = 1.0;
				PRODUCT_BUNDLE_IDENTIFIER = com.dbantan.Flix;
				PRODUCT_NAME = "$(TARGET_NAME)";
				SWIFT_EMIT_LOC_STRINGS = YES;
				SWIFT_VERSION = 5.0;
				TARGETED_DEVICE_FAMILY = "1,2";
			};
			name = Debug;
		};
		928C5A7527A47A710034A919 /* Release */ = {
			isa = XCBuildConfiguration;
			buildSettings = {
				ASSETCATALOG_COMPILER_APPICON_NAME = AppIcon;
				ASSETCATALOG_COMPILER_GLOBAL_ACCENT_COLOR_NAME = AccentColor;
				CODE_SIGN_STYLE = Automatic;
				CURRENT_PROJECT_VERSION = 1;
				DEVELOPMENT_TEAM = X3Y28ZY2MG;
				GENERATE_INFOPLIST_FILE = YES;
				INFOPLIST_FILE = Flix/Info.plist;
				INFOPLIST_KEY_UIApplicationSupportsIndirectInputEvents = YES;
				INFOPLIST_KEY_UILaunchStoryboardName = LaunchScreen;
				INFOPLIST_KEY_UIMainStoryboardFile = Main;
				INFOPLIST_KEY_UISupportedInterfaceOrientations_iPad = "UIInterfaceOrientationPortrait UIInterfaceOrientationPortraitUpsideDown UIInterfaceOrientationLandscapeLeft UIInterfaceOrientationLandscapeRight";
				INFOPLIST_KEY_UISupportedInterfaceOrientations_iPhone = "UIInterfaceOrientationPortrait UIInterfaceOrientationLandscapeLeft UIInterfaceOrientationLandscapeRight";
				LD_RUNPATH_SEARCH_PATHS = (
					"$(inherited)",
					"@executable_path/Frameworks",
				);
				MARKETING_VERSION = 1.0;
				PRODUCT_BUNDLE_IDENTIFIER = com.dbantan.Flix;
				PRODUCT_NAME = "$(TARGET_NAME)";
				SWIFT_EMIT_LOC_STRINGS = YES;
				SWIFT_VERSION = 5.0;
				TARGETED_DEVICE_FAMILY = "1,2";
			};
			name = Release;
		};
		928C5A7727A47A710034A919 /* Debug */ = {
			isa = XCBuildConfiguration;
			buildSettings = {
				ALWAYS_EMBED_SWIFT_STANDARD_LIBRARIES = YES;
				BUNDLE_LOADER = "$(TEST_HOST)";
				CODE_SIGN_STYLE = Automatic;
				CURRENT_PROJECT_VERSION = 1;
				DEVELOPMENT_TEAM = X3Y28ZY2MG;
				GENERATE_INFOPLIST_FILE = YES;
				IPHONEOS_DEPLOYMENT_TARGET = 15.2;
				MARKETING_VERSION = 1.0;
				PRODUCT_BUNDLE_IDENTIFIER = com.dbantan.FlixTests;
				PRODUCT_NAME = "$(TARGET_NAME)";
				SWIFT_EMIT_LOC_STRINGS = NO;
				SWIFT_VERSION = 5.0;
				TARGETED_DEVICE_FAMILY = "1,2";
				TEST_HOST = "$(BUILT_PRODUCTS_DIR)/Flix.app/Flix";
			};
			name = Debug;
		};
		928C5A7827A47A710034A919 /* Release */ = {
			isa = XCBuildConfiguration;
			buildSettings = {
				ALWAYS_EMBED_SWIFT_STANDARD_LIBRARIES = YES;
				BUNDLE_LOADER = "$(TEST_HOST)";
				CODE_SIGN_STYLE = Automatic;
				CURRENT_PROJECT_VERSION = 1;
				DEVELOPMENT_TEAM = X3Y28ZY2MG;
				GENERATE_INFOPLIST_FILE = YES;
				IPHONEOS_DEPLOYMENT_TARGET = 15.2;
				MARKETING_VERSION = 1.0;
				PRODUCT_BUNDLE_IDENTIFIER = com.dbantan.FlixTests;
				PRODUCT_NAME = "$(TARGET_NAME)";
				SWIFT_EMIT_LOC_STRINGS = NO;
				SWIFT_VERSION = 5.0;
				TARGETED_DEVICE_FAMILY = "1,2";
				TEST_HOST = "$(BUILT_PRODUCTS_DIR)/Flix.app/Flix";
			};
			name = Release;
		};
		928C5A7A27A47A710034A919 /* Debug */ = {
			isa = XCBuildConfiguration;
			buildSettings = {
				ALWAYS_EMBED_SWIFT_STANDARD_LIBRARIES = YES;
				CODE_SIGN_STYLE = Automatic;
				CURRENT_PROJECT_VERSION = 1;
				DEVELOPMENT_TEAM = X3Y28ZY2MG;
				GENERATE_INFOPLIST_FILE = YES;
				MARKETING_VERSION = 1.0;
				PRODUCT_BUNDLE_IDENTIFIER = com.dbantan.FlixUITests;
				PRODUCT_NAME = "$(TARGET_NAME)";
				SWIFT_EMIT_LOC_STRINGS = NO;
				SWIFT_VERSION = 5.0;
				TARGETED_DEVICE_FAMILY = "1,2";
				TEST_TARGET_NAME = Flix;
			};
			name = Debug;
		};
		928C5A7B27A47A710034A919 /* Release */ = {
			isa = XCBuildConfiguration;
			buildSettings = {
				ALWAYS_EMBED_SWIFT_STANDARD_LIBRARIES = YES;
				CODE_SIGN_STYLE = Automatic;
				CURRENT_PROJECT_VERSION = 1;
				DEVELOPMENT_TEAM = X3Y28ZY2MG;
				GENERATE_INFOPLIST_FILE = YES;
				MARKETING_VERSION = 1.0;
				PRODUCT_BUNDLE_IDENTIFIER = com.dbantan.FlixUITests;
				PRODUCT_NAME = "$(TARGET_NAME)";
				SWIFT_EMIT_LOC_STRINGS = NO;
				SWIFT_VERSION = 5.0;
				TARGETED_DEVICE_FAMILY = "1,2";
				TEST_TARGET_NAME = Flix;
			};
			name = Release;
		};
/* End XCBuildConfiguration section */

/* Begin XCConfigurationList section */
		928C5A4427A47A6E0034A919 /* Build configuration list for PBXProject "Flix" */ = {
			isa = XCConfigurationList;
			buildConfigurations = (
				928C5A7127A47A710034A919 /* Debug */,
				928C5A7227A47A710034A919 /* Release */,
			);
			defaultConfigurationIsVisible = 0;
			defaultConfigurationName = Release;
		};
		928C5A7327A47A710034A919 /* Build configuration list for PBXNativeTarget "Flix" */ = {
			isa = XCConfigurationList;
			buildConfigurations = (
				928C5A7427A47A710034A919 /* Debug */,
				928C5A7527A47A710034A919 /* Release */,
			);
			defaultConfigurationIsVisible = 0;
			defaultConfigurationName = Release;
		};
		928C5A7627A47A710034A919 /* Build configuration list for PBXNativeTarget "FlixTests" */ = {
			isa = XCConfigurationList;
			buildConfigurations = (
				928C5A7727A47A710034A919 /* Debug */,
				928C5A7827A47A710034A919 /* Release */,
			);
			defaultConfigurationIsVisible = 0;
			defaultConfigurationName = Release;
		};
		928C5A7927A47A710034A919 /* Build configuration list for PBXNativeTarget "FlixUITests" */ = {
			isa = XCConfigurationList;
			buildConfigurations = (
				928C5A7A27A47A710034A919 /* Debug */,
				928C5A7B27A47A710034A919 /* Release */,
			);
			defaultConfigurationIsVisible = 0;
			defaultConfigurationName = Release;
		};
/* End XCConfigurationList section */

/* Begin XCRemoteSwiftPackageReference section */
		928C5A8027A4FA950034A919 /* XCRemoteSwiftPackageReference "AlamofireImage" */ = {
			isa = XCRemoteSwiftPackageReference;
			repositoryURL = "https://github.com/Alamofire/AlamofireImage";
			requirement = {
				kind = upToNextMajorVersion;
				minimumVersion = 4.0.0;
			};
		};
/* End XCRemoteSwiftPackageReference section */

/* Begin XCSwiftPackageProductDependency section */
		928C5A8127A4FA950034A919 /* AlamofireImage */ = {
			isa = XCSwiftPackageProductDependency;
			package = 928C5A8027A4FA950034A919 /* XCRemoteSwiftPackageReference "AlamofireImage" */;
			productName = AlamofireImage;
		};
/* End XCSwiftPackageProductDependency section */
	};
	rootObject = 928C5A4127A47A6E0034A919 /* Project object */;
}
